
Microsoft Visual Studio Solution File, Format Version 12.00
# Visual Studio 14
VisualStudioVersion = 14.0.25420.1
MinimumVisualStudioVersion = 10.0.40219.1
Project("{FAE04EC0-301F-11D3-BF4B-00C04F79EFBC}") = "JryDictionary", "JryDictionary\JryDictionary.csproj", "{9F374B39-CC5C-407F-A2A9-650246CE2A45}"
EndProject
Project("{FAE04EC0-301F-11D3-BF4B-00C04F79EFBC}") = "Jasily.Core", "Jasily\Jasily.Core\Jasily.Core.csproj", "{8442E8E7-D515-4481-8A36-71711B1FBF79}"
EndProject
Project("{FAE04EC0-301F-11D3-BF4B-00C04F79EFBC}") = "Jasily", "Jasily\Jasily\Jasily.csproj", "{6ADB6547-070B-4518-A2D1-E3BC349730BC}"
EndProject
Project("{FAE04EC0-301F-11D3-BF4B-00C04F79EFBC}") = "Jasily.Core.Desktop", "Jasily\Jasily.Core.Desktop\Jasily.Core.Desktop.csproj", "{E90943E3-39C3-4649-9FE7-17096CBCD95E}"
EndProject
Project("{FAE04EC0-301F-11D3-BF4B-00C04F79EFBC}") = "Jasily.Chinese", "Jasily.Chinese\Jasily.Chinese\Jasily.Chinese\Jasily.Chinese.csproj", "{F40E24EF-84F5-49F9-98CD-B911A5196AB9}"
EndProject
Project("{FAE04EC0-301F-11D3-BF4B-00C04F79EFBC}") = "Jasily.Desktop", "Jasily\Jasily.Desktop\Jasily.Desktop.csproj", "{613D8F93-1CC9-4C5D-A67A-290175FC4878}"
EndProject
Global
	GlobalSection(SolutionConfigurationPlatforms) = preSolution
		Debug|Any CPU = Debug|Any CPU
		Release|Any CPU = Release|Any CPU
	EndGlobalSection
	GlobalSection(ProjectConfigurationPlatforms) = postSolution
		{9F374B39-CC5C-407F-A2A9-650246CE2A45}.Debug|Any CPU.ActiveCfg = Debug|Any CPU
		{9F374B39-CC5C-407F-A2A9-650246CE2A45}.Debug|Any CPU.Build.0 = Debug|Any CPU
		{9F374B39-CC5C-407F-A2A9-650246CE2A45}.Release|Any CPU.ActiveCfg = Release|Any CPU
		{9F374B39-CC5C-407F-A2A9-650246CE2A45}.Release|Any CPU.Build.0 = Release|Any CPU
		{8442E8E7-D515-4481-8A36-71711B1FBF79}.Debug|Any CPU.ActiveCfg = Debug|Any CPU
		{8442E8E7-D515-4481-8A36-71711B1FBF79}.Debug|Any CPU.Build.0 = Debug|Any CPU
		{8442E8E7-D515-4481-8A36-71711B1FBF79}.Release|Any CPU.ActiveCfg = Release|Any CPU
		{8442E8E7-D515-4481-8A36-71711B1FBF79}.Release|Any CPU.Build.0 = Release|Any CPU
		{6ADB6547-070B-4518-A2D1-E3BC349730BC}.Debug|Any CPU.ActiveCfg = Debug|Any CPU
		{6ADB6547-070B-4518-A2D1-E3BC349730BC}.Debug|Any CPU.Build.0 = Debug|Any CPU
		{6ADB6547-070B-4518-A2D1-E3BC349730BC}.Release|Any CPU.ActiveCfg = Release|Any CPU
		{6ADB6547-070B-4518-A2D1-E3BC349730BC}.Release|Any CPU.Build.0 = Release|Any CPU
		{E90943E3-39C3-4649-9FE7-17096CBCD95E}.Debug|Any CPU.ActiveCfg = Debug|Any CPU
		{E90943E3-39C3-4649-9FE7-17096CBCD95E}.Debug|Any CPU.Build.0 = Debug|Any CPU
		{E90943E3-39C3-4649-9FE7-17096CBCD95E}.Release|Any CPU.ActiveCfg = Release|Any CPU
		{E90943E3-39C3-4649-9FE7-17096CBCD95E}.Release|Any CPU.Build.0 = Release|Any CPU
		{F40E24EF-84F5-49F9-98CD-B911A5196AB9}.Debug|Any CPU.ActiveCfg = Debug|Any CPU
		{F40E24EF-84F5-49F9-98CD-B911A5196AB9}.Debug|Any CPU.Build.0 = Debug|Any CPU
		{F40E24EF-84F5-49F9-98CD-B911A5196AB9}.Release|Any CPU.ActiveCfg = Release|Any CPU
		{F40E24EF-84F5-49F9-98CD-B911A5196AB9}.Release|Any CPU.Build.0 = Release|Any CPU
		{613D8F93-1CC9-4C5D-A67A-290175FC4878}.Debug|Any CPU.ActiveCfg = Debug|Any CPU
		{613D8F93-1CC9-4C5D-A67A-290175FC4878}.Debug|Any CPU.Build.0 = Debug|Any CPU
		{613D8F93-1CC9-4C5D-A67A-290175FC4878}.Release|Any CPU.ActiveCfg = Release|Any CPU
		{613D8F93-1CC9-4C5D-A67A-290175FC4878}.Release|Any CPU.Build.0 = Release|Any CPU
	EndGlobalSection
	GlobalSection(SolutionProperties) = preSolution
		HideSolutionNode = FALSE
	EndGlobalSection
EndGlobal
